// !$*UTF8*$!
{
	archiveVersion = 1;
	classes = {
	};
	objectVersion = 46;
	objects = {

/* Begin PBXBuildFile section */
		335B7E3C1E95E4CF00FADFE7 /* main.m in Sources */ = {isa = PBXBuildFile; fileRef = 335B7E3B1E95E4CF00FADFE7 /* main.m */; };
		335B7E3F1E95E4CF00FADFE7 /* AppDelegate.m in Sources */ = {isa = PBXBuildFile; fileRef = 335B7E3E1E95E4CF00FADFE7 /* AppDelegate.m */; };
		335B7E421E95E4CF00FADFE7 /* ViewController.m in Sources */ = {isa = PBXBuildFile; fileRef = 335B7E411E95E4CF00FADFE7 /* ViewController.m */; };
		335B7E451E95E4CF00FADFE7 /* Main.storyboard in Resources */ = {isa = PBXBuildFile; fileRef = 335B7E431E95E4CF00FADFE7 /* Main.storyboard */; };
		335B7E471E95E4CF00FADFE7 /* Assets.xcassets in Resources */ = {isa = PBXBuildFile; fileRef = 335B7E461E95E4CF00FADFE7 /* Assets.xcassets */; };
		335B7E4A1E95E4CF00FADFE7 /* LaunchScreen.storyboard in Resources */ = {isa = PBXBuildFile; fileRef = 335B7E481E95E4CF00FADFE7 /* LaunchScreen.storyboard */; };
		335B7E551E95E4CF00FADFE7 /* WPushDemoTests.m in Sources */ = {isa = PBXBuildFile; fileRef = 335B7E541E95E4CF00FADFE7 /* WPushDemoTests.m */; };
		335B7E601E95E4CF00FADFE7 /* WPushDemoUITests.m in Sources */ = {isa = PBXBuildFile; fileRef = 335B7E5F1E95E4CF00FADFE7 /* WPushDemoUITests.m */; };
		335B7E6F1E95E4E300FADFE7 /* AppDelegate+Push.m in Sources */ = {isa = PBXBuildFile; fileRef = 335B7E6E1E95E4E300FADFE7 /* AppDelegate+Push.m */; };
		335B7E721E95E60F00FADFE7 /* qq.png in Resources */ = {isa = PBXBuildFile; fileRef = 335B7E711E95E60F00FADFE7 /* qq.png */; };
		335B7EA01E9628ED00FADFE7 /* NotificationService.m in Sources */ = {isa = PBXBuildFile; fileRef = 335B7E9F1E9628ED00FADFE7 /* NotificationService.m */; };
		335B7EA41E9628ED00FADFE7 /* WPushServiceExtensionTest.appex in Embed App Extensions */ = {isa = PBXBuildFile; fileRef = 335B7E9C1E9628ED00FADFE7 /* WPushServiceExtensionTest.appex */; settings = {ATTRIBUTES = (RemoveHeadersOnCopy, ); }; };
/* End PBXBuildFile section */

/* Begin PBXContainerItemProxy section */
		335B7E511E95E4CF00FADFE7 /* PBXContainerItemProxy */ = {
			isa = PBXContainerItemProxy;
			containerPortal = 335B7E2F1E95E4CF00FADFE7 /* Project object */;
			proxyType = 1;
			remoteGlobalIDString = 335B7E361E95E4CF00FADFE7;
			remoteInfo = WPushDemo;
		};
		335B7E5C1E95E4CF00FADFE7 /* PBXContainerItemProxy */ = {
			isa = PBXContainerItemProxy;
			containerPortal = 335B7E2F1E95E4CF00FADFE7 /* Project object */;
			proxyType = 1;
			remoteGlobalIDString = 335B7E361E95E4CF00FADFE7;
			remoteInfo = WPushDemo;
		};
		335B7EA21E9628ED00FADFE7 /* PBXContainerItemProxy */ = {
			isa = PBXContainerItemProxy;
			containerPortal = 335B7E2F1E95E4CF00FADFE7 /* Project object */;
			proxyType = 1;
			remoteGlobalIDString = 335B7E9B1E9628ED00FADFE7;
			remoteInfo = WPushServiceExtensionTest;
		};
/* End PBXContainerItemProxy section */

/* Begin PBXCopyFilesBuildPhase section */
		335B7E871E96241900FADFE7 /* Embed App Extensions */ = {
			isa = PBXCopyFilesBuildPhase;
			buildActionMask = 2147483647;
			dstPath = "";
			dstSubfolderSpec = 13;
			files = (
				335B7EA41E9628ED00FADFE7 /* WPushServiceExtensionTest.appex in Embed App Extensions */,
			);
			name = "Embed App Extensions";
			runOnlyForDeploymentPostprocessing = 0;
		};
/* End PBXCopyFilesBuildPhase section */

/* Begin PBXFileReference section */
		335B7E371E95E4CF00FADFE7 /* WPushDemo.app */ = {isa = PBXFileReference; explicitFileType = wrapper.application; includeInIndex = 0; path = WPushDemo.app; sourceTree = BUILT_PRODUCTS_DIR; };
		335B7E3B1E95E4CF00FADFE7 /* main.m */ = {isa = PBXFileReference; lastKnownFileType = sourcecode.c.objc; path = main.m; sourceTree = "<group>"; };
		335B7E3D1E95E4CF00FADFE7 /* AppDelegate.h */ = {isa = PBXFileReference; lastKnownFileType = sourcecode.c.h; path = AppDelegate.h; sourceTree = "<group>"; };
		335B7E3E1E95E4CF00FADFE7 /* AppDelegate.m */ = {isa = PBXFileReference; lastKnownFileType = sourcecode.c.objc; path = AppDelegate.m; sourceTree = "<group>"; };
		335B7E401E95E4CF00FADFE7 /* ViewController.h */ = {isa = PBXFileReference; lastKnownFileType = sourcecode.c.h; path = ViewController.h; sourceTree = "<group>"; };
		335B7E411E95E4CF00FADFE7 /* ViewController.m */ = {isa = PBXFileReference; lastKnownFileType = sourcecode.c.objc; path = ViewController.m; sourceTree = "<group>"; };
		335B7E441E95E4CF00FADFE7 /* Base */ = {isa = PBXFileReference; lastKnownFileType = file.storyboard; name = Base; path = Base.lproj/Main.storyboard; sourceTree = "<group>"; };
		335B7E461E95E4CF00FADFE7 /* Assets.xcassets */ = {isa = PBXFileReference; lastKnownFileType = folder.assetcatalog; path = Assets.xcassets; sourceTree = "<group>"; };
		335B7E491E95E4CF00FADFE7 /* Base */ = {isa = PBXFileReference; lastKnownFileType = file.storyboard; name = Base; path = Base.lproj/LaunchScreen.storyboard; sourceTree = "<group>"; };
		335B7E4B1E95E4CF00FADFE7 /* Info.plist */ = {isa = PBXFileReference; lastKnownFileType = text.plist.xml; path = Info.plist; sourceTree = "<group>"; };
		335B7E501E95E4CF00FADFE7 /* WPushDemoTests.xctest */ = {isa = PBXFileReference; explicitFileType = wrapper.cfbundle; includeInIndex = 0; path = WPushDemoTests.xctest; sourceTree = BUILT_PRODUCTS_DIR; };
		335B7E541E95E4CF00FADFE7 /* WPushDemoTests.m */ = {isa = PBXFileReference; lastKnownFileType = sourcecode.c.objc; path = WPushDemoTests.m; sourceTree = "<group>"; };
		335B7E561E95E4CF00FADFE7 /* Info.plist */ = {isa = PBXFileReference; lastKnownFileType = text.plist.xml; path = Info.plist; sourceTree = "<group>"; };
		335B7E5B1E95E4CF00FADFE7 /* WPushDemoUITests.xctest */ = {isa = PBXFileReference; explicitFileType = wrapper.cfbundle; includeInIndex = 0; path = WPushDemoUITests.xctest; sourceTree = BUILT_PRODUCTS_DIR; };
		335B7E5F1E95E4CF00FADFE7 /* WPushDemoUITests.m */ = {isa = PBXFileReference; lastKnownFileType = sourcecode.c.objc; path = WPushDemoUITests.m; sourceTree = "<group>"; };
		335B7E611E95E4CF00FADFE7 /* Info.plist */ = {isa = PBXFileReference; lastKnownFileType = text.plist.xml; path = Info.plist; sourceTree = "<group>"; };
		335B7E6D1E95E4E300FADFE7 /* AppDelegate+Push.h */ = {isa = PBXFileReference; fileEncoding = 4; lastKnownFileType = sourcecode.c.h; path = "AppDelegate+Push.h"; sourceTree = "<group>"; };
		335B7E6E1E95E4E300FADFE7 /* AppDelegate+Push.m */ = {isa = PBXFileReference; fileEncoding = 4; lastKnownFileType = sourcecode.c.objc; path = "AppDelegate+Push.m"; sourceTree = "<group>"; };
		335B7E701E95E53200FADFE7 /* WPushDemo-Prefix.pch */ = {isa = PBXFileReference; fileEncoding = 4; lastKnownFileType = sourcecode.c.h; path = "WPushDemo-Prefix.pch"; sourceTree = "<group>"; };
		335B7E711E95E60F00FADFE7 /* qq.png */ = {isa = PBXFileReference; lastKnownFileType = image.png; path = qq.png; sourceTree = "<group>"; };
		335B7E9C1E9628ED00FADFE7 /* WPushServiceExtensionTest.appex */ = {isa = PBXFileReference; explicitFileType = "wrapper.app-extension"; includeInIndex = 0; path = WPushServiceExtensionTest.appex; sourceTree = BUILT_PRODUCTS_DIR; };
		335B7E9E1E9628ED00FADFE7 /* NotificationService.h */ = {isa = PBXFileReference; lastKnownFileType = sourcecode.c.h; path = NotificationService.h; sourceTree = "<group>"; };
		335B7E9F1E9628ED00FADFE7 /* NotificationService.m */ = {isa = PBXFileReference; lastKnownFileType = sourcecode.c.objc; path = NotificationService.m; sourceTree = "<group>"; };
		335B7EA11E9628ED00FADFE7 /* Info.plist */ = {isa = PBXFileReference; lastKnownFileType = text.plist.xml; path = Info.plist; sourceTree = "<group>"; };
/* End PBXFileReference section */

/* Begin PBXFrameworksBuildPhase section */
		335B7E341E95E4CF00FADFE7 /* Frameworks */ = {
			isa = PBXFrameworksBuildPhase;
			buildActionMask = 2147483647;
			files = (
			);
			runOnlyForDeploymentPostprocessing = 0;
		};
		335B7E4D1E95E4CF00FADFE7 /* Frameworks */ = {
			isa = PBXFrameworksBuildPhase;
			buildActionMask = 2147483647;
			files = (
			);
			runOnlyForDeploymentPostprocessing = 0;
		};
		335B7E581E95E4CF00FADFE7 /* Frameworks */ = {
			isa = PBXFrameworksBuildPhase;
			buildActionMask = 2147483647;
			files = (
			);
			runOnlyForDeploymentPostprocessing = 0;
		};
		335B7E991E9628ED00FADFE7 /* Frameworks */ = {
			isa = PBXFrameworksBuildPhase;
			buildActionMask = 2147483647;
			files = (
			);
			runOnlyForDeploymentPostprocessing = 0;
		};
/* End PBXFrameworksBuildPhase section */

/* Begin PBXGroup section */
		335B7E2E1E95E4CF00FADFE7 = {
			isa = PBXGroup;
			children = (
				335B7E391E95E4CF00FADFE7 /* WPushDemo */,
				335B7E531E95E4CF00FADFE7 /* WPushDemoTests */,
				335B7E5E1E95E4CF00FADFE7 /* WPushDemoUITests */,
				335B7E9D1E9628ED00FADFE7 /* WPushServiceExtensionTest */,
				335B7E381E95E4CF00FADFE7 /* Products */,
			);
			sourceTree = "<group>";
		};
		335B7E381E95E4CF00FADFE7 /* Products */ = {
			isa = PBXGroup;
			children = (
				335B7E371E95E4CF00FADFE7 /* WPushDemo.app */,
				335B7E501E95E4CF00FADFE7 /* WPushDemoTests.xctest */,
				335B7E5B1E95E4CF00FADFE7 /* WPushDemoUITests.xctest */,
				335B7E9C1E9628ED00FADFE7 /* WPushServiceExtensionTest.appex */,
			);
			name = Products;
			sourceTree = "<group>";
		};
		335B7E391E95E4CF00FADFE7 /* WPushDemo */ = {
			isa = PBXGroup;
			children = (
				335B7E711E95E60F00FADFE7 /* qq.png */,
				335B7E701E95E53200FADFE7 /* WPushDemo-Prefix.pch */,
				335B7E6D1E95E4E300FADFE7 /* AppDelegate+Push.h */,
				335B7E6E1E95E4E300FADFE7 /* AppDelegate+Push.m */,
				335B7E3D1E95E4CF00FADFE7 /* AppDelegate.h */,
				335B7E3E1E95E4CF00FADFE7 /* AppDelegate.m */,
				335B7E401E95E4CF00FADFE7 /* ViewController.h */,
				335B7E411E95E4CF00FADFE7 /* ViewController.m */,
				335B7E431E95E4CF00FADFE7 /* Main.storyboard */,
				335B7E461E95E4CF00FADFE7 /* Assets.xcassets */,
				335B7E481E95E4CF00FADFE7 /* LaunchScreen.storyboard */,
				335B7E4B1E95E4CF00FADFE7 /* Info.plist */,
				335B7E3A1E95E4CF00FADFE7 /* Supporting Files */,
			);
			path = WPushDemo;
			sourceTree = "<group>";
		};
		335B7E3A1E95E4CF00FADFE7 /* Supporting Files */ = {
			isa = PBXGroup;
			children = (
				335B7E3B1E95E4CF00FADFE7 /* main.m */,
			);
			name = "Supporting Files";
			sourceTree = "<group>";
		};
		335B7E531E95E4CF00FADFE7 /* WPushDemoTests */ = {
			isa = PBXGroup;
			children = (
				335B7E541E95E4CF00FADFE7 /* WPushDemoTests.m */,
				335B7E561E95E4CF00FADFE7 /* Info.plist */,
			);
			path = WPushDemoTests;
			sourceTree = "<group>";
		};
		335B7E5E1E95E4CF00FADFE7 /* WPushDemoUITests */ = {
			isa = PBXGroup;
			children = (
				335B7E5F1E95E4CF00FADFE7 /* WPushDemoUITests.m */,
				335B7E611E95E4CF00FADFE7 /* Info.plist */,
			);
			path = WPushDemoUITests;
			sourceTree = "<group>";
		};
		335B7E9D1E9628ED00FADFE7 /* WPushServiceExtensionTest */ = {
			isa = PBXGroup;
			children = (
				335B7E9E1E9628ED00FADFE7 /* NotificationService.h */,
				335B7E9F1E9628ED00FADFE7 /* NotificationService.m */,
				335B7EA11E9628ED00FADFE7 /* Info.plist */,
			);
			path = WPushServiceExtensionTest;
			sourceTree = "<group>";
		};
/* End PBXGroup section */

/* Begin PBXNativeTarget section */
		335B7E361E95E4CF00FADFE7 /* WPushDemo */ = {
			isa = PBXNativeTarget;
			buildConfigurationList = 335B7E641E95E4CF00FADFE7 /* Build configuration list for PBXNativeTarget "WPushDemo" */;
			buildPhases = (
				335B7E331E95E4CF00FADFE7 /* Sources */,
				335B7E341E95E4CF00FADFE7 /* Frameworks */,
				335B7E351E95E4CF00FADFE7 /* Resources */,
				335B7E871E96241900FADFE7 /* Embed App Extensions */,
			);
			buildRules = (
			);
			dependencies = (
				335B7EA31E9628ED00FADFE7 /* PBXTargetDependency */,
			);
			name = WPushDemo;
			productName = WPushDemo;
			productReference = 335B7E371E95E4CF00FADFE7 /* WPushDemo.app */;
			productType = "com.apple.product-type.application";
		};
		335B7E4F1E95E4CF00FADFE7 /* WPushDemoTests */ = {
			isa = PBXNativeTarget;
			buildConfigurationList = 335B7E671E95E4CF00FADFE7 /* Build configuration list for PBXNativeTarget "WPushDemoTests" */;
			buildPhases = (
				335B7E4C1E95E4CF00FADFE7 /* Sources */,
				335B7E4D1E95E4CF00FADFE7 /* Frameworks */,
				335B7E4E1E95E4CF00FADFE7 /* Resources */,
			);
			buildRules = (
			);
			dependencies = (
				335B7E521E95E4CF00FADFE7 /* PBXTargetDependency */,
			);
			name = WPushDemoTests;
			productName = WPushDemoTests;
			productReference = 335B7E501E95E4CF00FADFE7 /* WPushDemoTests.xctest */;
			productType = "com.apple.product-type.bundle.unit-test";
		};
		335B7E5A1E95E4CF00FADFE7 /* WPushDemoUITests */ = {
			isa = PBXNativeTarget;
			buildConfigurationList = 335B7E6A1E95E4CF00FADFE7 /* Build configuration list for PBXNativeTarget "WPushDemoUITests" */;
			buildPhases = (
				335B7E571E95E4CF00FADFE7 /* Sources */,
				335B7E581E95E4CF00FADFE7 /* Frameworks */,
				335B7E591E95E4CF00FADFE7 /* Resources */,
			);
			buildRules = (
			);
			dependencies = (
				335B7E5D1E95E4CF00FADFE7 /* PBXTargetDependency */,
			);
			name = WPushDemoUITests;
			productName = WPushDemoUITests;
			productReference = 335B7E5B1E95E4CF00FADFE7 /* WPushDemoUITests.xctest */;
			productType = "com.apple.product-type.bundle.ui-testing";
		};
		335B7E9B1E9628ED00FADFE7 /* WPushServiceExtensionTest */ = {
			isa = PBXNativeTarget;
			buildConfigurationList = 335B7EA51E9628ED00FADFE7 /* Build configuration list for PBXNativeTarget "WPushServiceExtensionTest" */;
			buildPhases = (
				335B7E981E9628ED00FADFE7 /* Sources */,
				335B7E991E9628ED00FADFE7 /* Frameworks */,
				335B7E9A1E9628ED00FADFE7 /* Resources */,
			);
			buildRules = (
			);
			dependencies = (
			);
			name = WPushServiceExtensionTest;
			productName = WPushServiceExtensionTest;
			productReference = 335B7E9C1E9628ED00FADFE7 /* WPushServiceExtensionTest.appex */;
			productType = "com.apple.product-type.app-extension";
		};
/* End PBXNativeTarget section */

/* Begin PBXProject section */
		335B7E2F1E95E4CF00FADFE7 /* Project object */ = {
			isa = PBXProject;
			attributes = {
				LastUpgradeCheck = 0830;
				ORGANIZATIONNAME = wd;
				TargetAttributes = {
					335B7E361E95E4CF00FADFE7 = {
						CreatedOnToolsVersion = 8.3;
						ProvisioningStyle = Automatic;
					};
					335B7E4F1E95E4CF00FADFE7 = {
						CreatedOnToolsVersion = 8.3;
						ProvisioningStyle = Automatic;
						TestTargetID = 335B7E361E95E4CF00FADFE7;
					};
					335B7E5A1E95E4CF00FADFE7 = {
						CreatedOnToolsVersion = 8.3;
						ProvisioningStyle = Automatic;
						TestTargetID = 335B7E361E95E4CF00FADFE7;
					};
					335B7E9B1E9628ED00FADFE7 = {
						CreatedOnToolsVersion = 8.3;
						ProvisioningStyle = Automatic;
					};
				};
			};
			buildConfigurationList = 335B7E321E95E4CF00FADFE7 /* Build configuration list for PBXProject "WPushDemo" */;
			compatibilityVersion = "Xcode 3.2";
			developmentRegion = English;
			hasScannedForEncodings = 0;
			knownRegions = (
				en,
				Base,
			);
			mainGroup = 335B7E2E1E95E4CF00FADFE7;
			productRefGroup = 335B7E381E95E4CF00FADFE7 /* Products */;
			projectDirPath = "";
			projectRoot = "";
			targets = (
				335B7E361E95E4CF00FADFE7 /* WPushDemo */,
				335B7E4F1E95E4CF00FADFE7 /* WPushDemoTests */,
				335B7E5A1E95E4CF00FADFE7 /* WPushDemoUITests */,
				335B7E9B1E9628ED00FADFE7 /* WPushServiceExtensionTest */,
			);
		};
/* End PBXProject section */

/* Begin PBXResourcesBuildPhase section */
		335B7E351E95E4CF00FADFE7 /* Resources */ = {
			isa = PBXResourcesBuildPhase;
			buildActionMask = 2147483647;
			files = (
				335B7E4A1E95E4CF00FADFE7 /* LaunchScreen.storyboard in Resources */,
				335B7E471E95E4CF00FADFE7 /* Assets.xcassets in Resources */,
				335B7E451E95E4CF00FADFE7 /* Main.storyboard in Resources */,
				335B7E721E95E60F00FADFE7 /* qq.png in Resources */,
			);
			runOnlyForDeploymentPostprocessing = 0;
		};
		335B7E4E1E95E4CF00FADFE7 /* Resources */ = {
			isa = PBXResourcesBuildPhase;
			buildActionMask = 2147483647;
			files = (
			);
			runOnlyForDeploymentPostprocessing = 0;
		};
		335B7E591E95E4CF00FADFE7 /* Resources */ = {
			isa = PBXResourcesBuildPhase;
			buildActionMask = 2147483647;
			files = (
			);
			runOnlyForDeploymentPostprocessing = 0;
		};
		335B7E9A1E9628ED00FADFE7 /* Resources */ = {
			isa = PBXResourcesBuildPhase;
			buildActionMask = 2147483647;
			files = (
			);
			runOnlyForDeploymentPostprocessing = 0;
		};
/* End PBXResourcesBuildPhase section */

/* Begin PBXSourcesBuildPhase section */
		335B7E331E95E4CF00FADFE7 /* Sources */ = {
			isa = PBXSourcesBuildPhase;
			buildActionMask = 2147483647;
			files = (
				335B7E6F1E95E4E300FADFE7 /* AppDelegate+Push.m in Sources */,
				335B7E421E95E4CF00FADFE7 /* ViewController.m in Sources */,
				335B7E3F1E95E4CF00FADFE7 /* AppDelegate.m in Sources */,
				335B7E3C1E95E4CF00FADFE7 /* main.m in Sources */,
			);
			runOnlyForDeploymentPostprocessing = 0;
		};
		335B7E4C1E95E4CF00FADFE7 /* Sources */ = {
			isa = PBXSourcesBuildPhase;
			buildActionMask = 2147483647;
			files = (
				335B7E551E95E4CF00FADFE7 /* WPushDemoTests.m in Sources */,
			);
			runOnlyForDeploymentPostprocessing = 0;
		};
		335B7E571E95E4CF00FADFE7 /* Sources */ = {
			isa = PBXSourcesBuildPhase;
			buildActionMask = 2147483647;
			files = (
				335B7E601E95E4CF00FADFE7 /* WPushDemoUITests.m in Sources */,
			);
			runOnlyForDeploymentPostprocessing = 0;
		};
		335B7E981E9628ED00FADFE7 /* Sources */ = {
			isa = PBXSourcesBuildPhase;
			buildActionMask = 2147483647;
			files = (
				335B7EA01E9628ED00FADFE7 /* NotificationService.m in Sources */,
			);
			runOnlyForDeploymentPostprocessing = 0;
		};
/* End PBXSourcesBuildPhase section */

/* Begin PBXTargetDependency section */
		335B7E521E95E4CF00FADFE7 /* PBXTargetDependency */ = {
			isa = PBXTargetDependency;
			target = 335B7E361E95E4CF00FADFE7 /* WPushDemo */;
			targetProxy = 335B7E511E95E4CF00FADFE7 /* PBXContainerItemProxy */;
		};
		335B7E5D1E95E4CF00FADFE7 /* PBXTargetDependency */ = {
			isa = PBXTargetDependency;
			target = 335B7E361E95E4CF00FADFE7 /* WPushDemo */;
			targetProxy = 335B7E5C1E95E4CF00FADFE7 /* PBXContainerItemProxy */;
		};
		335B7EA31E9628ED00FADFE7 /* PBXTargetDependency */ = {
			isa = PBXTargetDependency;
			target = 335B7E9B1E9628ED00FADFE7 /* WPushServiceExtensionTest */;
			targetProxy = 335B7EA21E9628ED00FADFE7 /* PBXContainerItemProxy */;
		};
/* End PBXTargetDependency section */

/* Begin PBXVariantGroup section */
		335B7E431E95E4CF00FADFE7 /* Main.storyboard */ = {
			isa = PBXVariantGroup;
			children = (
				335B7E441E95E4CF00FADFE7 /* Base */,
			);
			name = Main.storyboard;
			sourceTree = "<group>";
		};
		335B7E481E95E4CF00FADFE7 /* LaunchScreen.storyboard */ = {
			isa = PBXVariantGroup;
			children = (
				335B7E491E95E4CF00FADFE7 /* Base */,
			);
			name = LaunchScreen.storyboard;
			sourceTree = "<group>";
		};
/* End PBXVariantGroup section */

/* Begin XCBuildConfiguration section */
		335B7E621E95E4CF00FADFE7 /* Debug */ = {
			isa = XCBuildConfiguration;
			buildSettings = {
				ALWAYS_SEARCH_USER_PATHS = NO;
				CLANG_ANALYZER_NONNULL = YES;
				CLANG_ANALYZER_NUMBER_OBJECT_CONVERSION = YES_AGGRESSIVE;
				CLANG_CXX_LANGUAGE_STANDARD = "gnu++0x";
				CLANG_CXX_LIBRARY = "libc++";
				CLANG_ENABLE_MODULES = YES;
				CLANG_ENABLE_OBJC_ARC = YES;
				CLANG_WARN_BOOL_CONVERSION = YES;
				CLANG_WARN_CONSTANT_CONVERSION = YES;
				CLANG_WARN_DIRECT_OBJC_ISA_USAGE = YES_ERROR;
				CLANG_WARN_DOCUMENTATION_COMMENTS = YES;
				CLANG_WARN_EMPTY_BODY = YES;
				CLANG_WARN_ENUM_CONVERSION = YES;
				CLANG_WARN_INFINITE_RECURSION = YES;
				CLANG_WARN_INT_CONVERSION = YES;
				CLANG_WARN_OBJC_ROOT_CLASS = YES_ERROR;
				CLANG_WARN_SUSPICIOUS_MOVE = YES;
				CLANG_WARN_UNREACHABLE_CODE = YES;
				CLANG_WARN__DUPLICATE_METHOD_MATCH = YES;
				"CODE_SIGN_IDENTITY[sdk=iphoneos*]" = "iPhone Developer";
				COPY_PHASE_STRIP = NO;
				DEBUG_INFORMATION_FORMAT = dwarf;
				ENABLE_STRICT_OBJC_MSGSEND = YES;
				ENABLE_TESTABILITY = YES;
				GCC_C_LANGUAGE_STANDARD = gnu99;
				GCC_DYNAMIC_NO_PIC = NO;
				GCC_NO_COMMON_BLOCKS = YES;
				GCC_OPTIMIZATION_LEVEL = 0;
				GCC_PREPROCESSOR_DEFINITIONS = (
					"DEBUG=1",
					"$(inherited)",
				);
				GCC_WARN_64_TO_32_BIT_CONVERSION = YES;
				GCC_WARN_ABOUT_RETURN_TYPE = YES_ERROR;
				GCC_WARN_UNDECLARED_SELECTOR = YES;
				GCC_WARN_UNINITIALIZED_AUTOS = YES_AGGRESSIVE;
				GCC_WARN_UNUSED_FUNCTION = YES;
				GCC_WARN_UNUSED_VARIABLE = YES;
				IPHONEOS_DEPLOYMENT_TARGET = 10.3;
				MTL_ENABLE_DEBUG_INFO = YES;
				ONLY_ACTIVE_ARCH = YES;
				SDKROOT = iphoneos;
				TARGETED_DEVICE_FAMILY = "1,2";
			};
			name = Debug;
		};
		335B7E631E95E4CF00FADFE7 /* Release */ = {
			isa = XCBuildConfiguration;
			buildSettings = {
				ALWAYS_SEARCH_USER_PATHS = NO;
				CLANG_ANALYZER_NONNULL = YES;
				CLANG_ANALYZER_NUMBER_OBJECT_CONVERSION = YES_AGGRESSIVE;
				CLANG_CXX_LANGUAGE_STANDARD = "gnu++0x";
				CLANG_CXX_LIBRARY = "libc++";
				CLANG_ENABLE_MODULES = YES;
				CLANG_ENABLE_OBJC_ARC = YES;
				CLANG_WARN_BOOL_CONVERSION = YES;
				CLANG_WARN_CONSTANT_CONVERSION = YES;
				CLANG_WARN_DIRECT_OBJC_ISA_USAGE = YES_ERROR;
				CLANG_WARN_DOCUMENTATION_COMMENTS = YES;
				CLANG_WARN_EMPTY_BODY = YES;
				CLANG_WARN_ENUM_CONVERSION = YES;
				CLANG_WARN_INFINITE_RECURSION = YES;
				CLANG_WARN_INT_CONVERSION = YES;
				CLANG_WARN_OBJC_ROOT_CLASS = YES_ERROR;
				CLANG_WARN_SUSPICIOUS_MOVE = YES;
				CLANG_WARN_UNREACHABLE_CODE = YES;
				CLANG_WARN__DUPLICATE_METHOD_MATCH = YES;
				"CODE_SIGN_IDENTITY[sdk=iphoneos*]" = "iPhone Developer";
				COPY_PHASE_STRIP = NO;
				DEBUG_INFORMATION_FORMAT = "dwarf-with-dsym";
				ENABLE_NS_ASSERTIONS = NO;
				ENABLE_STRICT_OBJC_MSGSEND = YES;
				GCC_C_LANGUAGE_STANDARD = gnu99;
				GCC_NO_COMMON_BLOCKS = YES;
				GCC_WARN_64_TO_32_BIT_CONVERSION = YES;
				GCC_WARN_ABOUT_RETURN_TYPE = YES_ERROR;
				GCC_WARN_UNDECLARED_SELECTOR = YES;
				GCC_WARN_UNINITIALIZED_AUTOS = YES_AGGRESSIVE;
				GCC_WARN_UNUSED_FUNCTION = YES;
				GCC_WARN_UNUSED_VARIABLE = YES;
				IPHONEOS_DEPLOYMENT_TARGET = 10.3;
				MTL_ENABLE_DEBUG_INFO = NO;
				SDKROOT = iphoneos;
				TARGETED_DEVICE_FAMILY = "1,2";
				VALIDATE_PRODUCT = YES;
			};
			name = Release;
		};
		335B7E651E95E4CF00FADFE7 /* Debug */ = {
			isa = XCBuildConfiguration;
			buildSettings = {
				ASSETCATALOG_COMPILER_APPICON_NAME = AppIcon;
				GCC_PREFIX_HEADER = "$(PROJECT_DIR)/WPushDemo/WPushDemo-Prefix.pch";
				INFOPLIST_FILE = WPushDemo/Info.plist;
				IPHONEOS_DEPLOYMENT_TARGET = 8.0;
				LD_RUNPATH_SEARCH_PATHS = "$(inherited) @executable_path/Frameworks";
				PRODUCT_BUNDLE_IDENTIFIER = Hytera.WPushDemo;
				PRODUCT_NAME = "$(TARGET_NAME)";
			};
			name = Debug;
		};
		335B7E661E95E4CF00FADFE7 /* Release */ = {
			isa = XCBuildConfiguration;
			buildSettings = {
				ASSETCATALOG_COMPILER_APPICON_NAME = AppIcon;
				GCC_PREFIX_HEADER = "$(PROJECT_DIR)/WPushDemo/WPushDemo-Prefix.pch";
				INFOPLIST_FILE = WPushDemo/Info.plist;
				IPHONEOS_DEPLOYMENT_TARGET = 8.0;
				LD_RUNPATH_SEARCH_PATHS = "$(inherited) @executable_path/Frameworks";
				PRODUCT_BUNDLE_IDENTIFIER = Hytera.WPushDemo;
				PRODUCT_NAME = "$(TARGET_NAME)";
			};
			name = Release;
		};
		335B7E681E95E4CF00FADFE7 /* Debug */ = {
			isa = XCBuildConfiguration;
			buildSettings = {
				BUNDLE_LOADER = "$(TEST_HOST)";
				INFOPLIST_FILE = WPushDemoTests/Info.plist;
				LD_RUNPATH_SEARCH_PATHS = "$(inherited) @executable_path/Frameworks @loader_path/Frameworks";
				PRODUCT_BUNDLE_IDENTIFIER = Hytera.WPushDemoTests;
				PRODUCT_NAME = "$(TARGET_NAME)";
				TEST_HOST = "$(BUILT_PRODUCTS_DIR)/WPushDemo.app/WPushDemo";
			};
			name = Debug;
		};
		335B7E691E95E4CF00FADFE7 /* Release */ = {
			isa = XCBuildConfiguration;
			buildSettings = {
				BUNDLE_LOADER = "$(TEST_HOST)";
				INFOPLIST_FILE = WPushDemoTests/Info.plist;
				LD_RUNPATH_SEARCH_PATHS = "$(inherited) @executable_path/Frameworks @loader_path/Frameworks";
				PRODUCT_BUNDLE_IDENTIFIER = Hytera.WPushDemoTests;
				PRODUCT_NAME = "$(TARGET_NAME)";
				TEST_HOST = "$(BUILT_PRODUCTS_DIR)/WPushDemo.app/WPushDemo";
			};
			name = Release;
		};
		335B7E6B1E95E4CF00FADFE7 /* Debug */ = {
			isa = XCBuildConfiguration;
			buildSettings = {
				INFOPLIST_FILE = WPushDemoUITests/Info.plist;
				LD_RUNPATH_SEARCH_PATHS = "$(inherited) @executable_path/Frameworks @loader_path/Frameworks";
				PRODUCT_BUNDLE_IDENTIFIER = Hytera.WPushDemoUITests;
				PRODUCT_NAME = "$(TARGET_NAME)";
				TEST_TARGET_NAME = WPushDemo;
			};
			name = Debug;
		};
		335B7E6C1E95E4CF00FADFE7 /* Release */ = {
			isa = XCBuildConfiguration;
			buildSettings = {
				INFOPLIST_FILE = WPushDemoUITests/Info.plist;
				LD_RUNPATH_SEARCH_PATHS = "$(inherited) @executable_path/Frameworks @loader_path/Frameworks";
				PRODUCT_BUNDLE_IDENTIFIER = Hytera.WPushDemoUITests;
				PRODUCT_NAME = "$(TARGET_NAME)";
				TEST_TARGET_NAME = WPushDemo;
			};
			name = Release;
		};
		335B7EA61E9628ED00FADFE7 /* Debug */ = {
			isa = XCBuildConfiguration;
			buildSettings = {
				INFOPLIST_FILE = WPushServiceExtensionTest/Info.plist;
				LD_RUNPATH_SEARCH_PATHS = "$(inherited) @executable_path/Frameworks @executable_path/../../Frameworks";
				PRODUCT_BUNDLE_IDENTIFIER = Hytera.WPushDemo.WPushServiceExtensionTest;
				PRODUCT_NAME = "$(TARGET_NAME)";
				SKIP_INSTALL = YES;
			};
			name = Debug;
		};
		335B7EA71E9628ED00FADFE7 /* Release */ = {
			isa = XCBuildConfiguration;
			buildSettings = {
				INFOPLIST_FILE = WPushServiceExtensionTest/Info.plist;
				LD_RUNPATH_SEARCH_PATHS = "$(inherited) @executable_path/Frameworks @executable_path/../../Frameworks";
				PRODUCT_BUNDLE_IDENTIFIER = Hytera.WPushDemo.WPushServiceExtensionTest;
				PRODUCT_NAME = "$(TARGET_NAME)";
				SKIP_INSTALL = YES;
			};
			name = Release;
		};
/* End XCBuildConfiguration section */

/* Begin XCConfigurationList section */
		335B7E321E95E4CF00FADFE7 /* Build configuration list for PBXProject "WPushDemo" */ = {
			isa = XCConfigurationList;
			buildConfigurations = (
				335B7E621E95E4CF00FADFE7 /* Debug */,
				335B7E631E95E4CF00FADFE7 /* Release */,
			);
			defaultConfigurationIsVisible = 0;
			defaultConfigurationName = Release;
		};
		335B7E641E95E4CF00FADFE7 /* Build configuration list for PBXNativeTarget "WPushDemo" */ = {
			isa = XCConfigurationList;
			buildConfigurations = (
				335B7E651E95E4CF00FADFE7 /* Debug */,
				335B7E661E95E4CF00FADFE7 /* Release */,
			);
			defaultConfigurationIsVisible = 0;
		};
		335B7E671E95E4CF00FADFE7 /* Build configuration list for PBXNativeTarget "WPushDemoTests" */ = {
			isa = XCConfigurationList;
			buildConfigurations = (
				335B7E681E95E4CF00FADFE7 /* Debug */,
				335B7E691E95E4CF00FADFE7 /* Release */,
			);
			defaultConfigurationIsVisible = 0;
		};
		335B7E6A1E95E4CF00FADFE7 /* Build configuration list for PBXNativeTarget "WPushDemoUITests" */ = {
			isa = XCConfigurationList;
			buildConfigurations = (
				335B7E6B1E95E4CF00FADFE7 /* Debug */,
				335B7E6C1E95E4CF00FADFE7 /* Release */,
			);
			defaultConfigurationIsVisible = 0;
		};
		335B7EA51E9628ED00FADFE7 /* Build configuration list for PBXNativeTarget "WPushServiceExtensionTest" */ = {
			isa = XCConfigurationList;
			buildConfigurations = (
				335B7EA61E9628ED00FADFE7 /* Debug */,
				335B7EA71E9628ED00FADFE7 /* Release */,
			);
			defaultConfigurationIsVisible = 0;
		};
/* End XCConfigurationList section */
	};
	rootObject = 335B7E2F1E95E4CF00FADFE7 /* Project object */;
}
